// !$*UTF8*$!
{
	archiveVersion = 1;
	classes = {
	};
	objectVersion = 50;
	objects = {

/* Begin PBXBuildFile section */
		2F9470A02588AFC90006D9EF /* Tests_iOS.swift in Sources */ = {isa = PBXBuildFile; fileRef = 2F94709F2588AFC90006D9EF /* Tests_iOS.swift */; };
		2F9470AB2588AFC90006D9EF /* Tests_macOS.swift in Sources */ = {isa = PBXBuildFile; fileRef = 2F9470AA2588AFC90006D9EF /* Tests_macOS.swift */; };
		2F9470AD2588AFC90006D9EF /* PhotoTrackApp.swift in Sources */ = {isa = PBXBuildFile; fileRef = 2F9470842588AFC70006D9EF /* PhotoTrackApp.swift */; };
		2F9470AE2588AFC90006D9EF /* PhotoTrackApp.swift in Sources */ = {isa = PBXBuildFile; fileRef = 2F9470842588AFC70006D9EF /* PhotoTrackApp.swift */; };
		2F9470AF2588AFC90006D9EF /* ContentView.swift in Sources */ = {isa = PBXBuildFile; fileRef = 2F9470852588AFC70006D9EF /* ContentView.swift */; };
		2F9470B02588AFC90006D9EF /* ContentView.swift in Sources */ = {isa = PBXBuildFile; fileRef = 2F9470852588AFC70006D9EF /* ContentView.swift */; };
		2F9470B12588AFC90006D9EF /* Assets.xcassets in Resources */ = {isa = PBXBuildFile; fileRef = 2F9470862588AFC90006D9EF /* Assets.xcassets */; };
		2F9470B22588AFC90006D9EF /* Assets.xcassets in Resources */ = {isa = PBXBuildFile; fileRef = 2F9470862588AFC90006D9EF /* Assets.xcassets */; };
/* End PBXBuildFile section */

/* Begin PBXContainerItemProxy section */
		2F94709C2588AFC90006D9EF /* PBXContainerItemProxy */ = {
			isa = PBXContainerItemProxy;
			containerPortal = 2F94707F2588AFC70006D9EF /* Project object */;
			proxyType = 1;
			remoteGlobalIDString = 2F94708A2588AFC90006D9EF;
			remoteInfo = "PhotoTrack (iOS)";
		};
		2F9470A72588AFC90006D9EF /* PBXContainerItemProxy */ = {
			isa = PBXContainerItemProxy;
			containerPortal = 2F94707F2588AFC70006D9EF /* Project object */;
			proxyType = 1;
			remoteGlobalIDString = 2F9470922588AFC90006D9EF;
			remoteInfo = "PhotoTrack (macOS)";
		};
/* End PBXContainerItemProxy section */

/* Begin PBXFileReference section */
		2F9470842588AFC70006D9EF /* PhotoTrackApp.swift */ = {isa = PBXFileReference; lastKnownFileType = sourcecode.swift; path = PhotoTrackApp.swift; sourceTree = "<group>"; };
		2F9470852588AFC70006D9EF /* ContentView.swift */ = {isa = PBXFileReference; lastKnownFileType = sourcecode.swift; path = ContentView.swift; sourceTree = "<group>"; };
		2F9470862588AFC90006D9EF /* Assets.xcassets */ = {isa = PBXFileReference; lastKnownFileType = folder.assetcatalog; path = Assets.xcassets; sourceTree = "<group>"; };
		2F94708B2588AFC90006D9EF /* PhotoTrack.app */ = {isa = PBXFileReference; explicitFileType = wrapper.application; includeInIndex = 0; path = PhotoTrack.app; sourceTree = BUILT_PRODUCTS_DIR; };
		2F94708E2588AFC90006D9EF /* Info.plist */ = {isa = PBXFileReference; lastKnownFileType = text.plist.xml; path = Info.plist; sourceTree = "<group>"; };
		2F9470932588AFC90006D9EF /* PhotoTrack.app */ = {isa = PBXFileReference; explicitFileType = wrapper.application; includeInIndex = 0; path = PhotoTrack.app; sourceTree = BUILT_PRODUCTS_DIR; };
		2F9470952588AFC90006D9EF /* Info.plist */ = {isa = PBXFileReference; lastKnownFileType = text.plist.xml; path = Info.plist; sourceTree = "<group>"; };
		2F9470962588AFC90006D9EF /* macOS.entitlements */ = {isa = PBXFileReference; lastKnownFileType = text.plist.entitlements; path = macOS.entitlements; sourceTree = "<group>"; };
		2F94709B2588AFC90006D9EF /* Tests iOS.xctest */ = {isa = PBXFileReference; explicitFileType = wrapper.cfbundle; includeInIndex = 0; path = "Tests iOS.xctest"; sourceTree = BUILT_PRODUCTS_DIR; };
		2F94709F2588AFC90006D9EF /* Tests_iOS.swift */ = {isa = PBXFileReference; lastKnownFileType = sourcecode.swift; path = Tests_iOS.swift; sourceTree = "<group>"; };
		2F9470A12588AFC90006D9EF /* Info.plist */ = {isa = PBXFileReference; lastKnownFileType = text.plist.xml; path = Info.plist; sourceTree = "<group>"; };
		2F9470A62588AFC90006D9EF /* Tests macOS.xctest */ = {isa = PBXFileReference; explicitFileType = wrapper.cfbundle; includeInIndex = 0; path = "Tests macOS.xctest"; sourceTree = BUILT_PRODUCTS_DIR; };
		2F9470AA2588AFC90006D9EF /* Tests_macOS.swift */ = {isa = PBXFileReference; lastKnownFileType = sourcecode.swift; path = Tests_macOS.swift; sourceTree = "<group>"; };
		2F9470AC2588AFC90006D9EF /* Info.plist */ = {isa = PBXFileReference; lastKnownFileType = text.plist.xml; path = Info.plist; sourceTree = "<group>"; };
/* End PBXFileReference section */

/* Begin PBXFrameworksBuildPhase section */
		2F9470882588AFC90006D9EF /* Frameworks */ = {
			isa = PBXFrameworksBuildPhase;
			buildActionMask = 2147483647;
			files = (
			);
			runOnlyForDeploymentPostprocessing = 0;
		};
		2F9470902588AFC90006D9EF /* Frameworks */ = {
			isa = PBXFrameworksBuildPhase;
			buildActionMask = 2147483647;
			files = (
			);
			runOnlyForDeploymentPostprocessing = 0;
		};
		2F9470982588AFC90006D9EF /* Frameworks */ = {
			isa = PBXFrameworksBuildPhase;
			buildActionMask = 2147483647;
			files = (
			);
			runOnlyForDeploymentPostprocessing = 0;
		};
		2F9470A32588AFC90006D9EF /* Frameworks */ = {
			isa = PBXFrameworksBuildPhase;
			buildActionMask = 2147483647;
			files = (
			);
			runOnlyForDeploymentPostprocessing = 0;
		};
/* End PBXFrameworksBuildPhase section */

/* Begin PBXGroup section */
		2F94707E2588AFC70006D9EF = {
			isa = PBXGroup;
			children = (
				2F9470832588AFC70006D9EF /* Shared */,
				2F94708D2588AFC90006D9EF /* iOS */,
				2F9470942588AFC90006D9EF /* macOS */,
				2F94709E2588AFC90006D9EF /* Tests iOS */,
				2F9470A92588AFC90006D9EF /* Tests macOS */,
				2F94708C2588AFC90006D9EF /* Products */,
			);
			sourceTree = "<group>";
		};
		2F9470832588AFC70006D9EF /* Shared */ = {
			isa = PBXGroup;
			children = (
				2F9470842588AFC70006D9EF /* PhotoTrackApp.swift */,
				2F9470852588AFC70006D9EF /* ContentView.swift */,
				2F9470862588AFC90006D9EF /* Assets.xcassets */,
			);
			path = Shared;
			sourceTree = "<group>";
		};
		2F94708C2588AFC90006D9EF /* Products */ = {
			isa = PBXGroup;
			children = (
				2F94708B2588AFC90006D9EF /* PhotoTrack.app */,
				2F9470932588AFC90006D9EF /* PhotoTrack.app */,
				2F94709B2588AFC90006D9EF /* Tests iOS.xctest */,
				2F9470A62588AFC90006D9EF /* Tests macOS.xctest */,
			);
			name = Products;
			sourceTree = "<group>";
		};
		2F94708D2588AFC90006D9EF /* iOS */ = {
			isa = PBXGroup;
			children = (
				2F94708E2588AFC90006D9EF /* Info.plist */,
			);
			path = iOS;
			sourceTree = "<group>";
		};
		2F9470942588AFC90006D9EF /* macOS */ = {
			isa = PBXGroup;
			children = (
				2F9470952588AFC90006D9EF /* Info.plist */,
				2F9470962588AFC90006D9EF /* macOS.entitlements */,
			);
			path = macOS;
			sourceTree = "<group>";
		};
		2F94709E2588AFC90006D9EF /* Tests iOS */ = {
			isa = PBXGroup;
			children = (
				2F94709F2588AFC90006D9EF /* Tests_iOS.swift */,
				2F9470A12588AFC90006D9EF /* Info.plist */,
			);
			path = "Tests iOS";
			sourceTree = "<group>";
		};
		2F9470A92588AFC90006D9EF /* Tests macOS */ = {
			isa = PBXGroup;
			children = (
				2F9470AA2588AFC90006D9EF /* Tests_macOS.swift */,
				2F9470AC2588AFC90006D9EF /* Info.plist */,
			);
			path = "Tests macOS";
			sourceTree = "<group>";
		};
/* End PBXGroup section */

/* Begin PBXNativeTarget section */
		2F94708A2588AFC90006D9EF /* PhotoTrack (iOS) */ = {
			isa = PBXNativeTarget;
			buildConfigurationList = 2F9470B52588AFC90006D9EF /* Build configuration list for PBXNativeTarget "PhotoTrack (iOS)" */;
			buildPhases = (
				2F9470872588AFC90006D9EF /* Sources */,
				2F9470882588AFC90006D9EF /* Frameworks */,
				2F9470892588AFC90006D9EF /* Resources */,
			);
			buildRules = (
			);
			dependencies = (
			);
			name = "PhotoTrack (iOS)";
			productName = "PhotoTrack (iOS)";
			productReference = 2F94708B2588AFC90006D9EF /* PhotoTrack.app */;
			productType = "com.apple.product-type.application";
		};
		2F9470922588AFC90006D9EF /* PhotoTrack (macOS) */ = {
			isa = PBXNativeTarget;
			buildConfigurationList = 2F9470B82588AFC90006D9EF /* Build configuration list for PBXNativeTarget "PhotoTrack (macOS)" */;
			buildPhases = (
				2F94708F2588AFC90006D9EF /* Sources */,
				2F9470902588AFC90006D9EF /* Frameworks */,
				2F9470912588AFC90006D9EF /* Resources */,
			);
			buildRules = (
			);
			dependencies = (
			);
			name = "PhotoTrack (macOS)";
			productName = "PhotoTrack (macOS)";
			productReference = 2F9470932588AFC90006D9EF /* PhotoTrack.app */;
			productType = "com.apple.product-type.application";
		};
		2F94709A2588AFC90006D9EF /* Tests iOS */ = {
			isa = PBXNativeTarget;
			buildConfigurationList = 2F9470BB2588AFC90006D9EF /* Build configuration list for PBXNativeTarget "Tests iOS" */;
			buildPhases = (
				2F9470972588AFC90006D9EF /* Sources */,
				2F9470982588AFC90006D9EF /* Frameworks */,
				2F9470992588AFC90006D9EF /* Resources */,
			);
			buildRules = (
			);
			dependencies = (
				2F94709D2588AFC90006D9EF /* PBXTargetDependency */,
			);
			name = "Tests iOS";
			productName = "Tests iOS";
			productReference = 2F94709B2588AFC90006D9EF /* Tests iOS.xctest */;
			productType = "com.apple.product-type.bundle.ui-testing";
		};
		2F9470A52588AFC90006D9EF /* Tests macOS */ = {
			isa = PBXNativeTarget;
			buildConfigurationList = 2F9470BE2588AFC90006D9EF /* Build configuration list for PBXNativeTarget "Tests macOS" */;
			buildPhases = (
				2F9470A22588AFC90006D9EF /* Sources */,
				2F9470A32588AFC90006D9EF /* Frameworks */,
				2F9470A42588AFC90006D9EF /* Resources */,
			);
			buildRules = (
			);
			dependencies = (
				2F9470A82588AFC90006D9EF /* PBXTargetDependency */,
			);
			name = "Tests macOS";
			productName = "Tests macOS";
			productReference = 2F9470A62588AFC90006D9EF /* Tests macOS.xctest */;
			productType = "com.apple.product-type.bundle.ui-testing";
		};
/* End PBXNativeTarget section */

/* Begin PBXProject section */
		2F94707F2588AFC70006D9EF /* Project object */ = {
			isa = PBXProject;
			attributes = {
				LastSwiftUpdateCheck = 1220;
				LastUpgradeCheck = 1220;
				TargetAttributes = {
					2F94708A2588AFC90006D9EF = {
						CreatedOnToolsVersion = 12.2;
					};
					2F9470922588AFC90006D9EF = {
						CreatedOnToolsVersion = 12.2;
					};
					2F94709A2588AFC90006D9EF = {
						CreatedOnToolsVersion = 12.2;
						TestTargetID = 2F94708A2588AFC90006D9EF;
					};
					2F9470A52588AFC90006D9EF = {
						CreatedOnToolsVersion = 12.2;
						TestTargetID = 2F9470922588AFC90006D9EF;
					};
				};
			};
			buildConfigurationList = 2F9470822588AFC70006D9EF /* Build configuration list for PBXProject "PhotoTrack" */;
			compatibilityVersion = "Xcode 9.3";
			developmentRegion = en;
			hasScannedForEncodings = 0;
			knownRegions = (
				en,
				Base,
			);
			mainGroup = 2F94707E2588AFC70006D9EF;
			productRefGroup = 2F94708C2588AFC90006D9EF /* Products */;
			projectDirPath = "";
			projectRoot = "";
			targets = (
				2F94708A2588AFC90006D9EF /* PhotoTrack (iOS) */,
				2F9470922588AFC90006D9EF /* PhotoTrack (macOS) */,
				2F94709A2588AFC90006D9EF /* Tests iOS */,
				2F9470A52588AFC90006D9EF /* Tests macOS */,
			);
		};
/* End PBXProject section */

/* Begin PBXResourcesBuildPhase section */
		2F9470892588AFC90006D9EF /* Resources */ = {
			isa = PBXResourcesBuildPhase;
			buildActionMask = 2147483647;
			files = (
				2F9470B12588AFC90006D9EF /* Assets.xcassets in Resources */,
			);
			runOnlyForDeploymentPostprocessing = 0;
		};
		2F9470912588AFC90006D9EF /* Resources */ = {
			isa = PBXResourcesBuildPhase;
			buildActionMask = 2147483647;
			files = (
				2F9470B22588AFC90006D9EF /* Assets.xcassets in Resources */,
			);
			runOnlyForDeploymentPostprocessing = 0;
		};
		2F9470992588AFC90006D9EF /* Resources */ = {
			isa = PBXResourcesBuildPhase;
			buildActionMask = 2147483647;
			files = (
			);
			runOnlyForDeploymentPostprocessing = 0;
		};
		2F9470A42588AFC90006D9EF /* Resources */ = {
			isa = PBXResourcesBuildPhase;
			buildActionMask = 2147483647;
			files = (
			);
			runOnlyForDeploymentPostprocessing = 0;
		};
/* End PBXResourcesBuildPhase section */

/* Begin PBXSourcesBuildPhase section */
		2F9470872588AFC90006D9EF /* Sources */ = {
			isa = PBXSourcesBuildPhase;
			buildActionMask = 2147483647;
			files = (
				2F9470AF2588AFC90006D9EF /* ContentView.swift in Sources */,
				2F9470AD2588AFC90006D9EF /* PhotoTrackApp.swift in Sources */,
			);
			runOnlyForDeploymentPostprocessing = 0;
		};
		2F94708F2588AFC90006D9EF /* Sources */ = {
			isa = PBXSourcesBuildPhase;
			buildActionMask = 2147483647;
			files = (
				2F9470B02588AFC90006D9EF /* ContentView.swift in Sources */,
				2F9470AE2588AFC90006D9EF /* PhotoTrackApp.swift in Sources */,
			);
			runOnlyForDeploymentPostprocessing = 0;
		};
		2F9470972588AFC90006D9EF /* Sources */ = {
			isa = PBXSourcesBuildPhase;
			buildActionMask = 2147483647;
			files = (
				2F9470A02588AFC90006D9EF /* Tests_iOS.swift in Sources */,
			);
			runOnlyForDeploymentPostprocessing = 0;
		};
		2F9470A22588AFC90006D9EF /* Sources */ = {
			isa = PBXSourcesBuildPhase;
			buildActionMask = 2147483647;
			files = (
				2F9470AB2588AFC90006D9EF /* Tests_macOS.swift in Sources */,
			);
			runOnlyForDeploymentPostprocessing = 0;
		};
/* End PBXSourcesBuildPhase section */

/* Begin PBXTargetDependency section */
		2F94709D2588AFC90006D9EF /* PBXTargetDependency */ = {
			isa = PBXTargetDependency;
			target = 2F94708A2588AFC90006D9EF /* PhotoTrack (iOS) */;
			targetProxy = 2F94709C2588AFC90006D9EF /* PBXContainerItemProxy */;
		};
		2F9470A82588AFC90006D9EF /* PBXTargetDependency */ = {
			isa = PBXTargetDependency;
			target = 2F9470922588AFC90006D9EF /* PhotoTrack (macOS) */;
			targetProxy = 2F9470A72588AFC90006D9EF /* PBXContainerItemProxy */;
		};
/* End PBXTargetDependency section */

/* Begin XCBuildConfiguration section */
		2F9470B32588AFC90006D9EF /* Debug */ = {
			isa = XCBuildConfiguration;
			buildSettings = {
				ALWAYS_SEARCH_USER_PATHS = NO;
				CLANG_ANALYZER_NONNULL = YES;
				CLANG_ANALYZER_NUMBER_OBJECT_CONVERSION = YES_AGGRESSIVE;
				CLANG_CXX_LANGUAGE_STANDARD = "gnu++14";
				CLANG_CXX_LIBRARY = "libc++";
				CLANG_ENABLE_MODULES = YES;
				CLANG_ENABLE_OBJC_ARC = YES;
				CLANG_ENABLE_OBJC_WEAK = YES;
				CLANG_WARN_BLOCK_CAPTURE_AUTORELEASING = YES;
				CLANG_WARN_BOOL_CONVERSION = YES;
				CLANG_WARN_COMMA = YES;
				CLANG_WARN_CONSTANT_CONVERSION = YES;
				CLANG_WARN_DEPRECATED_OBJC_IMPLEMENTATIONS = YES;
				CLANG_WARN_DIRECT_OBJC_ISA_USAGE = YES_ERROR;
				CLANG_WARN_DOCUMENTATION_COMMENTS = YES;
				CLANG_WARN_EMPTY_BODY = YES;
				CLANG_WARN_ENUM_CONVERSION = YES;
				CLANG_WARN_INFINITE_RECURSION = YES;
				CLANG_WARN_INT_CONVERSION = YES;
				CLANG_WARN_NON_LITERAL_NULL_CONVERSION = YES;
				CLANG_WARN_OBJC_IMPLICIT_RETAIN_SELF = YES;
				CLANG_WARN_OBJC_LITERAL_CONVERSION = YES;
				CLANG_WARN_OBJC_ROOT_CLASS = YES_ERROR;
				CLANG_WARN_QUOTED_INCLUDE_IN_FRAMEWORK_HEADER = YES;
				CLANG_WARN_RANGE_LOOP_ANALYSIS = YES;
				CLANG_WARN_STRICT_PROTOTYPES = YES;
				CLANG_WARN_SUSPICIOUS_MOVE = YES;
				CLANG_WARN_UNGUARDED_AVAILABILITY = YES_AGGRESSIVE;
				CLANG_WARN_UNREACHABLE_CODE = YES;
				CLANG_WARN__DUPLICATE_METHOD_MATCH = YES;
				COPY_PHASE_STRIP = NO;
				DEBUG_INFORMATION_FORMAT = dwarf;
				ENABLE_STRICT_OBJC_MSGSEND = YES;
				ENABLE_TESTABILITY = YES;
				GCC_C_LANGUAGE_STANDARD = gnu11;
				GCC_DYNAMIC_NO_PIC = NO;
				GCC_NO_COMMON_BLOCKS = YES;
				GCC_OPTIMIZATION_LEVEL = 0;
				GCC_PREPROCESSOR_DEFINITIONS = (
					"DEBUG=1",
					"$(inherited)",
				);
				GCC_WARN_64_TO_32_BIT_CONVERSION = YES;
				GCC_WARN_ABOUT_RETURN_TYPE = YES_ERROR;
				GCC_WARN_UNDECLARED_SELECTOR = YES;
				GCC_WARN_UNINITIALIZED_AUTOS = YES_AGGRESSIVE;
				GCC_WARN_UNUSED_FUNCTION = YES;
				GCC_WARN_UNUSED_VARIABLE = YES;
				MTL_ENABLE_DEBUG_INFO = INCLUDE_SOURCE;
				MTL_FAST_MATH = YES;
				ONLY_ACTIVE_ARCH = YES;
				SWIFT_ACTIVE_COMPILATION_CONDITIONS = DEBUG;
				SWIFT_OPTIMIZATION_LEVEL = "-Onone";
			};
			name = Debug;
		};
		2F9470B42588AFC90006D9EF /* Release */ = {
			isa = XCBuildConfiguration;
			buildSettings = {
				ALWAYS_SEARCH_USER_PATHS = NO;
				CLANG_ANALYZER_NONNULL = YES;
				CLANG_ANALYZER_NUMBER_OBJECT_CONVERSION = YES_AGGRESSIVE;
				CLANG_CXX_LANGUAGE_STANDARD = "gnu++14";
				CLANG_CXX_LIBRARY = "libc++";
				CLANG_ENABLE_MODULES = YES;
				CLANG_ENABLE_OBJC_ARC = YES;
				CLANG_ENABLE_OBJC_WEAK = YES;
				CLANG_WARN_BLOCK_CAPTURE_AUTORELEASING = YES;
				CLANG_WARN_BOOL_CONVERSION = YES;
				CLANG_WARN_COMMA = YES;
				CLANG_WARN_CONSTANT_CONVERSION = YES;
				CLANG_WARN_DEPRECATED_OBJC_IMPLEMENTATIONS = YES;
				CLANG_WARN_DIRECT_OBJC_ISA_USAGE = YES_ERROR;
				CLANG_WARN_DOCUMENTATION_COMMENTS = YES;
				CLANG_WARN_EMPTY_BODY = YES;
				CLANG_WARN_ENUM_CONVERSION = YES;
				CLANG_WARN_INFINITE_RECURSION = YES;
				CLANG_WARN_INT_CONVERSION = YES;
				CLANG_WARN_NON_LITERAL_NULL_CONVERSION = YES;
				CLANG_WARN_OBJC_IMPLICIT_RETAIN_SELF = YES;
				CLANG_WARN_OBJC_LITERAL_CONVERSION = YES;
				CLANG_WARN_OBJC_ROOT_CLASS = YES_ERROR;
				CLANG_WARN_QUOTED_INCLUDE_IN_FRAMEWORK_HEADER = YES;
				CLANG_WARN_RANGE_LOOP_ANALYSIS = YES;
				CLANG_WARN_STRICT_PROTOTYPES = YES;
				CLANG_WARN_SUSPICIOUS_MOVE = YES;
				CLANG_WARN_UNGUARDED_AVAILABILITY = YES_AGGRESSIVE;
				CLANG_WARN_UNREACHABLE_CODE = YES;
				CLANG_WARN__DUPLICATE_METHOD_MATCH = YES;
				COPY_PHASE_STRIP = NO;
				DEBUG_INFORMATION_FORMAT = "dwarf-with-dsym";
				ENABLE_NS_ASSERTIONS = NO;
				ENABLE_STRICT_OBJC_MSGSEND = YES;
				GCC_C_LANGUAGE_STANDARD = gnu11;
				GCC_NO_COMMON_BLOCKS = YES;
				GCC_WARN_64_TO_32_BIT_CONVERSION = YES;
				GCC_WARN_ABOUT_RETURN_TYPE = YES_ERROR;
				GCC_WARN_UNDECLARED_SELECTOR = YES;
				GCC_WARN_UNINITIALIZED_AUTOS = YES_AGGRESSIVE;
				GCC_WARN_UNUSED_FUNCTION = YES;
				GCC_WARN_UNUSED_VARIABLE = YES;
				MTL_ENABLE_DEBUG_INFO = NO;
				MTL_FAST_MATH = YES;
				SWIFT_COMPILATION_MODE = wholemodule;
				SWIFT_OPTIMIZATION_LEVEL = "-O";
			};
			name = Release;
		};
		2F9470B62588AFC90006D9EF /* Debug */ = {
			isa = XCBuildConfiguration;
			buildSettings = {
				ASSETCATALOG_COMPILER_APPICON_NAME = AppIcon;
				ASSETCATALOG_COMPILER_GLOBAL_ACCENT_COLOR_NAME = AccentColor;
				CODE_SIGN_STYLE = Automatic;
				DEVELOPMENT_TEAM = 3G54NEN3F6;
				ENABLE_PREVIEWS = YES;
				INFOPLIST_FILE = iOS/Info.plist;
				IPHONEOS_DEPLOYMENT_TARGET = 14.0;
				LD_RUNPATH_SEARCH_PATHS = (
					"$(inherited)",
					"@executable_path/Frameworks",
				);
				PRODUCT_BUNDLE_IDENTIFIER = digital.marine.PhotoTrack;
				PRODUCT_NAME = PhotoTrack;
				SDKROOT = iphoneos;
				SWIFT_VERSION = 5.0;
				TARGETED_DEVICE_FAMILY = "1,2";
			};
			name = Debug;
		};
		2F9470B72588AFC90006D9EF /* Release */ = {
			isa = XCBuildConfiguration;
			buildSettings = {
				ASSETCATALOG_COMPILER_APPICON_NAME = AppIcon;
				ASSETCATALOG_COMPILER_GLOBAL_ACCENT_COLOR_NAME = AccentColor;
				CODE_SIGN_STYLE = Automatic;
				DEVELOPMENT_TEAM = 3G54NEN3F6;
				ENABLE_PREVIEWS = YES;
				INFOPLIST_FILE = iOS/Info.plist;
				IPHONEOS_DEPLOYMENT_TARGET = 14.0;
				LD_RUNPATH_SEARCH_PATHS = (
					"$(inherited)",
					"@executable_path/Frameworks",
				);
				PRODUCT_BUNDLE_IDENTIFIER = digital.marine.PhotoTrack;
				PRODUCT_NAME = PhotoTrack;
				SDKROOT = iphoneos;
				SWIFT_VERSION = 5.0;
				TARGETED_DEVICE_FAMILY = "1,2";
				VALIDATE_PRODUCT = YES;
			};
			name = Release;
		};
		2F9470B92588AFC90006D9EF /* Debug */ = {
			isa = XCBuildConfiguration;
			buildSettings = {
				ASSETCATALOG_COMPILER_APPICON_NAME = AppIcon;
				ASSETCATALOG_COMPILER_GLOBAL_ACCENT_COLOR_NAME = AccentColor;
				CODE_SIGN_ENTITLEMENTS = macOS/macOS.entitlements;
				CODE_SIGN_STYLE = Automatic;
				COMBINE_HIDPI_IMAGES = YES;
				DEVELOPMENT_TEAM = 3G54NEN3F6;
				ENABLE_HARDENED_RUNTIME = YES;
				ENABLE_PREVIEWS = YES;
				INFOPLIST_FILE = macOS/Info.plist;
				LD_RUNPATH_SEARCH_PATHS = (
					"$(inherited)",
					"@executable_path/../Frameworks",
				);
				MACOSX_DEPLOYMENT_TARGET = 11.0;
				PRODUCT_BUNDLE_IDENTIFIER = digital.marine.PhotoTrack;
				PRODUCT_NAME = PhotoTrack;
				SDKROOT = macosx;
				SWIFT_VERSION = 5.0;
			};
			name = Debug;
		};
		2F9470BA2588AFC90006D9EF /* Release */ = {
			isa = XCBuildConfiguration;
			buildSettings = {
				ASSETCATALOG_COMPILER_APPICON_NAME = AppIcon;
				ASSETCATALOG_COMPILER_GLOBAL_ACCENT_COLOR_NAME = AccentColor;
				CODE_SIGN_ENTITLEMENTS = macOS/macOS.entitlements;
				CODE_SIGN_STYLE = Automatic;
				COMBINE_HIDPI_IMAGES = YES;
				DEVELOPMENT_TEAM = 3G54NEN3F6;
				ENABLE_HARDENED_RUNTIME = YES;
				ENABLE_PREVIEWS = YES;
				INFOPLIST_FILE = macOS/Info.plist;
				LD_RUNPATH_SEARCH_PATHS = (
					"$(inherited)",
					"@executable_path/../Frameworks",
				);
				MACOSX_DEPLOYMENT_TARGET = 11.0;
				PRODUCT_BUNDLE_IDENTIFIER = digital.marine.PhotoTrack;
				PRODUCT_NAME = PhotoTrack;
				SDKROOT = macosx;
				SWIFT_VERSION = 5.0;
			};
			name = Release;
		};
		2F9470BC2588AFC90006D9EF /* Debug */ = {
			isa = XCBuildConfiguration;
			buildSettings = {
				ALWAYS_EMBED_SWIFT_STANDARD_LIBRARIES = YES;
				CODE_SIGN_STYLE = Automatic;
				DEVELOPMENT_TEAM = 3G54NEN3F6;
				INFOPLIST_FILE = "Tests iOS/Info.plist";
				IPHONEOS_DEPLOYMENT_TARGET = 14.2;
				LD_RUNPATH_SEARCH_PATHS = (
					"$(inherited)",
					"@executable_path/Frameworks",
					"@loader_path/Frameworks",
				);
				PRODUCT_BUNDLE_IDENTIFIER = "digital.marine.Tests-iOS";
				PRODUCT_NAME = "$(TARGET_NAME)";
				SDKROOT = iphoneos;
				SWIFT_VERSION = 5.0;
				TARGETED_DEVICE_FAMILY = "1,2";
				TEST_TARGET_NAME = "PhotoTrack (iOS)";
			};
			name = Debug;
		};
		2F9470BD2588AFC90006D9EF /* Release */ = {
			isa = XCBuildConfiguration;
			buildSettings = {
				ALWAYS_EMBED_SWIFT_STANDARD_LIBRARIES = YES;
				CODE_SIGN_STYLE = Automatic;
				DEVELOPMENT_TEAM = 3G54NEN3F6;
				INFOPLIST_FILE = "Tests iOS/Info.plist";
				IPHONEOS_DEPLOYMENT_TARGET = 14.2;
				LD_RUNPATH_SEARCH_PATHS = (
					"$(inherited)",
					"@executable_path/Frameworks",
					"@loader_path/Frameworks",
				);
				PRODUCT_BUNDLE_IDENTIFIER = "digital.marine.Tests-iOS";
				PRODUCT_NAME = "$(TARGET_NAME)";
				SDKROOT = iphoneos;
				SWIFT_VERSION = 5.0;
				TARGETED_DEVICE_FAMILY = "1,2";
				TEST_TARGET_NAME = "PhotoTrack (iOS)";
				VALIDATE_PRODUCT = YES;
			};
			name = Release;
		};
		2F9470BF2588AFC90006D9EF /* Debug */ = {
			isa = XCBuildConfiguration;
			buildSettings = {
				ALWAYS_EMBED_SWIFT_STANDARD_LIBRARIES = YES;
				CODE_SIGN_STYLE = Automatic;
				COMBINE_HIDPI_IMAGES = YES;
				DEVELOPMENT_TEAM = 3G54NEN3F6;
				INFOPLIST_FILE = "Tests macOS/Info.plist";
				LD_RUNPATH_SEARCH_PATHS = (
					"$(inherited)",
					"@executable_path/../Frameworks",
					"@loader_path/../Frameworks",
				);
				MACOSX_DEPLOYMENT_TARGET = 11.0;
				PRODUCT_BUNDLE_IDENTIFIER = "digital.marine.Tests-macOS";
				PRODUCT_NAME = "$(TARGET_NAME)";
				SDKROOT = macosx;
				SWIFT_VERSION = 5.0;
				TEST_TARGET_NAME = "PhotoTrack (macOS)";
			};
			name = Debug;
		};
		2F9470C02588AFC90006D9EF /* Release */ = {
			isa = XCBuildConfiguration;
			buildSettings = {
				ALWAYS_EMBED_SWIFT_STANDARD_LIBRARIES = YES;
				CODE_SIGN_STYLE = Automatic;
				COMBINE_HIDPI_IMAGES = YES;
				DEVELOPMENT_TEAM = 3G54NEN3F6;
				INFOPLIST_FILE = "Tests macOS/Info.plist";
				LD_RUNPATH_SEARCH_PATHS = (
					"$(inherited)",
					"@executable_path/../Frameworks",
					"@loader_path/../Frameworks",
				);
				MACOSX_DEPLOYMENT_TARGET = 11.0;
				PRODUCT_BUNDLE_IDENTIFIER = "digital.marine.Tests-macOS";
				PRODUCT_NAME = "$(TARGET_NAME)";
				SDKROOT = macosx;
				SWIFT_VERSION = 5.0;
				TEST_TARGET_NAME = "PhotoTrack (macOS)";
			};
			name = Release;
		};
/* End XCBuildConfiguration section */

/* Begin XCConfigurationList section */
		2F9470822588AFC70006D9EF /* Build configuration list for PBXProject "PhotoTrack" */ = {
			isa = XCConfigurationList;
			buildConfigurations = (
				2F9470B32588AFC90006D9EF /* Debug */,
				2F9470B42588AFC90006D9EF /* Release */,
			);
			defaultConfigurationIsVisible = 0;
			defaultConfigurationName = Release;
		};
		2F9470B52588AFC90006D9EF /* Build configuration list for PBXNativeTarget "PhotoTrack (iOS)" */ = {
			isa = XCConfigurationList;
			buildConfigurations = (
				2F9470B62588AFC90006D9EF /* Debug */,
				2F9470B72588AFC90006D9EF /* Release */,
			);
			defaultConfigurationIsVisible = 0;
			defaultConfigurationName = Release;
		};
		2F9470B82588AFC90006D9EF /* Build configuration list for PBXNativeTarget "PhotoTrack (macOS)" */ = {
			isa = XCConfigurationList;
			buildConfigurations = (
				2F9470B92588AFC90006D9EF /* Debug */,
				2F9470BA2588AFC90006D9EF /* Release */,
			);
			defaultConfigurationIsVisible = 0;
			defaultConfigurationName = Release;
		};
		2F9470BB2588AFC90006D9EF /* Build configuration list for PBXNativeTarget "Tests iOS" */ = {
			isa = XCConfigurationList;
			buildConfigurations = (
				2F9470BC2588AFC90006D9EF /* Debug */,
				2F9470BD2588AFC90006D9EF /* Release */,
			);
			defaultConfigurationIsVisible = 0;
			defaultConfigurationName = Release;
		};
		2F9470BE2588AFC90006D9EF /* Build configuration list for PBXNativeTarget "Tests macOS" */ = {
			isa = XCConfigurationList;
			buildConfigurations = (
				2F9470BF2588AFC90006D9EF /* Debug */,
				2F9470C02588AFC90006D9EF /* Release */,
			);
			defaultConfigurationIsVisible = 0;
			defaultConfigurationName = Release;
		};
/* End XCConfigurationList section */
	};
	rootObject = 2F94707F2588AFC70006D9EF /* Project object */;
}
